
Microsoft Visual Studio Solution File, Format Version 12.00
# Visual Studio 15
Project("{FAE04EC0-301F-11D3-BF4B-00C04F79EFBC}") = "Assembly-CSharp", "Assembly-CSharp.csproj", "{04BCEB54-149F-A16E-7126-AAA2AFDB6068}"
EndProject
Project("{FAE04EC0-301F-11D3-BF4B-00C04F79EFBC}") = "Assembly-CSharp-Editor", "Assembly-CSharp-Editor.csproj", "{3A11CE65-5AFC-8522-7A40-DE037AD89330}"
EndProject
Global
	GlobalSection(SolutionConfigurationPlatforms) = preSolution
		Debug|Any CPU = Debug|Any CPU
		Release|Any CPU = Release|Any CPU
	EndGlobalSection
	GlobalSection(ProjectConfigurationPlatforms) = postSolution
		{04BCEB54-149F-A16E-7126-AAA2AFDB6068}.Debug|Any CPU.ActiveCfg = Debug|Any CPU
		{04BCEB54-149F-A16E-7126-AAA2AFDB6068}.Debug|Any CPU.Build.0 = Debug|Any CPU
		{04BCEB54-149F-A16E-7126-AAA2AFDB6068}.Release|Any CPU.ActiveCfg = Release|Any CPU
		{04BCEB54-149F-A16E-7126-AAA2AFDB6068}.Release|Any CPU.Build.0 = Release|Any CPU
		{3A11CE65-5AFC-8522-7A40-DE037AD89330}.Debug|Any CPU.ActiveCfg = Debug|Any CPU
		{3A11CE65-5AFC-8522-7A40-DE037AD89330}.Debug|Any CPU.Build.0 = Debug|Any CPU
		{3A11CE65-5AFC-8522-7A40-DE037AD89330}.Release|Any CPU.ActiveCfg = Release|Any CPU
		{3A11CE65-5AFC-8522-7A40-DE037AD89330}.Release|Any CPU.Build.0 = Release|Any CPU
	EndGlobalSection
	GlobalSection(SolutionProperties) = preSolution
		HideSolutionNode = FALSE
	EndGlobalSection
EndGlobal
